
Microsoft Visual Studio Solution File, Format Version 12.00
# Visual Studio 15
VisualStudioVersion = 15.0.28307.489
MinimumVisualStudioVersion = 10.0.40219.1
Project("{9092AA53-FB77-4645-B42D-1CCCA6BD08BD}") = "KayleeRest", "KayleeRest\KayleeRest.njsproj", "{2460E1BE-88A5-45B2-99E1-383B7DBA039A}"
EndProject
Global
	GlobalSection(SolutionConfigurationPlatforms) = preSolution
		Debug|Any CPU = Debug|Any CPU
		Release|Any CPU = Release|Any CPU
	EndGlobalSection
	GlobalSection(ProjectConfigurationPlatforms) = postSolution
		{2460E1BE-88A5-45B2-99E1-383B7DBA039A}.Debug|Any CPU.ActiveCfg = Debug|Any CPU
		{2460E1BE-88A5-45B2-99E1-383B7DBA039A}.Debug|Any CPU.Build.0 = Debug|Any CPU
		{2460E1BE-88A5-45B2-99E1-383B7DBA039A}.Release|Any CPU.ActiveCfg = Release|Any CPU
		{2460E1BE-88A5-45B2-99E1-383B7DBA039A}.Release|Any CPU.Build.0 = Release|Any CPU
	EndGlobalSection
	GlobalSection(SolutionProperties) = preSolution
		HideSolutionNode = FALSE
	EndGlobalSection
	GlobalSection(ExtensibilityGlobals) = postSolution
		SolutionGuid = {49E4362A-0BD3-45B0-B3FE-E780D4E667E7}
	EndGlobalSection
EndGlobal
